
Microsoft Visual Studio Solution File, Format Version 12.00
# Visual Studio Version 16
VisualStudioVersion = 16.0.33027.164
MinimumVisualStudioVersion = 10.0.40219.1
Project("{9A19103F-16F7-4668-BE54-9A1E7A4F7556}") = "BetterHealthManagementAPI", "BetterHealthManagementAPI.csproj", "{50226EA8-C241-4647-9540-74173F709C47}"
EndProject
Project("{FAE04EC0-301F-11D3-BF4B-00C04F79EFBC}") = "BetterHealthManagementAPITesting", "..\BetterHealthManagementAPITesting\BetterHealthManagementAPITesting.csproj", "{0392B47C-3689-4ABD-8E6E-818BD07D8C31}"
EndProject
Global
	GlobalSection(SolutionConfigurationPlatforms) = preSolution
		Debug|Any CPU = Debug|Any CPU
		Release|Any CPU = Release|Any CPU
	EndGlobalSection
	GlobalSection(ProjectConfigurationPlatforms) = postSolution
		{50226EA8-C241-4647-9540-74173F709C47}.Debug|Any CPU.ActiveCfg = Debug|Any CPU
		{50226EA8-C241-4647-9540-74173F709C47}.Debug|Any CPU.Build.0 = Debug|Any CPU
		{50226EA8-C241-4647-9540-74173F709C47}.Release|Any CPU.ActiveCfg = Release|Any CPU
		{50226EA8-C241-4647-9540-74173F709C47}.Release|Any CPU.Build.0 = Release|Any CPU
		{0392B47C-3689-4ABD-8E6E-818BD07D8C31}.Debug|Any CPU.ActiveCfg = Debug|Any CPU
		{0392B47C-3689-4ABD-8E6E-818BD07D8C31}.Debug|Any CPU.Build.0 = Debug|Any CPU
		{0392B47C-3689-4ABD-8E6E-818BD07D8C31}.Release|Any CPU.ActiveCfg = Release|Any CPU
		{0392B47C-3689-4ABD-8E6E-818BD07D8C31}.Release|Any CPU.Build.0 = Release|Any CPU
	EndGlobalSection
	GlobalSection(SolutionProperties) = preSolution
		HideSolutionNode = FALSE
	EndGlobalSection
	GlobalSection(ExtensibilityGlobals) = postSolution
		SolutionGuid = {63D1388F-558D-4460-A415-DDEA74D9E3FD}
	EndGlobalSection
EndGlobal
